
Microsoft Visual Studio Solution File, Format Version 12.00
# Visual Studio 15
Project("{FAE04EC0-301F-11D3-BF4B-00C04F79EFBC}") = "Assembly-CSharp", "Assembly-CSharp.csproj", "{EB319F69-9207-DEC4-5DAC-E27A9F006366}"
EndProject
Project("{FAE04EC0-301F-11D3-BF4B-00C04F79EFBC}") = "Assembly-CSharp-Editor", "Assembly-CSharp-Editor.csproj", "{B513B079-A66B-37DF-1098-ECF52E877082}"
EndProject
Global
	GlobalSection(SolutionConfigurationPlatforms) = preSolution
		Debug|Any CPU = Debug|Any CPU
		Release|Any CPU = Release|Any CPU
	EndGlobalSection
	GlobalSection(ProjectConfigurationPlatforms) = postSolution
		{EB319F69-9207-DEC4-5DAC-E27A9F006366}.Debug|Any CPU.ActiveCfg = Debug|Any CPU
		{EB319F69-9207-DEC4-5DAC-E27A9F006366}.Debug|Any CPU.Build.0 = Debug|Any CPU
		{EB319F69-9207-DEC4-5DAC-E27A9F006366}.Release|Any CPU.ActiveCfg = Release|Any CPU
		{EB319F69-9207-DEC4-5DAC-E27A9F006366}.Release|Any CPU.Build.0 = Release|Any CPU
		{B513B079-A66B-37DF-1098-ECF52E877082}.Debug|Any CPU.ActiveCfg = Debug|Any CPU
		{B513B079-A66B-37DF-1098-ECF52E877082}.Debug|Any CPU.Build.0 = Debug|Any CPU
		{B513B079-A66B-37DF-1098-ECF52E877082}.Release|Any CPU.ActiveCfg = Release|Any CPU
		{B513B079-A66B-37DF-1098-ECF52E877082}.Release|Any CPU.Build.0 = Release|Any CPU
	EndGlobalSection
	GlobalSection(SolutionProperties) = preSolution
		HideSolutionNode = FALSE
	EndGlobalSection
EndGlobal
